// !$*UTF8*$!
{
	archiveVersion = 1;
	classes = {
	};
	objectVersion = 46;
	objects = {

/* Begin PBXBuildFile section */
		DCEA1D311F4FDF6200D4CBD3 /* main.m in Sources */ = {isa = PBXBuildFile; fileRef = DCEA1D301F4FDF6200D4CBD3 /* main.m */; };
		DCEA1D391F4FDFBA00D4CBD3 /* ScoreKeeper.m in Sources */ = {isa = PBXBuildFile; fileRef = DCEA1D381F4FDFBA00D4CBD3 /* ScoreKeeper.m */; };
		DCEA1D3C1F4FDFF500D4CBD3 /* InputHandler.m in Sources */ = {isa = PBXBuildFile; fileRef = DCEA1D3B1F4FDFF500D4CBD3 /* InputHandler.m */; };
		DCEA1D3F1F4FE02B00D4CBD3 /* Question.m in Sources */ = {isa = PBXBuildFile; fileRef = DCEA1D3E1F4FE02B00D4CBD3 /* Question.m */; };
		DCEA1D421F4FE07D00D4CBD3 /* QuestionManager.m in Sources */ = {isa = PBXBuildFile; fileRef = DCEA1D411F4FE07D00D4CBD3 /* QuestionManager.m */; };
		DCEA1D451F4FED3100D4CBD3 /* SubtractionQuestion.m in Sources */ = {isa = PBXBuildFile; fileRef = DCEA1D441F4FED3100D4CBD3 /* SubtractionQuestion.m */; };
		DCEA1D481F4FF2F000D4CBD3 /* QuestionFactory.m in Sources */ = {isa = PBXBuildFile; fileRef = DCEA1D471F4FF2F000D4CBD3 /* QuestionFactory.m */; };
/* End PBXBuildFile section */

/* Begin PBXCopyFilesBuildPhase section */
		DCEA1D2B1F4FDF6200D4CBD3 /* CopyFiles */ = {
			isa = PBXCopyFilesBuildPhase;
			buildActionMask = 2147483647;
			dstPath = /usr/share/man/man1/;
			dstSubfolderSpec = 0;
			files = (
			);
			runOnlyForDeploymentPostprocessing = 1;
		};
/* End PBXCopyFilesBuildPhase section */

/* Begin PBXFileReference section */
		DCEA1D2D1F4FDF6200D4CBD3 /* Assignment05 */ = {isa = PBXFileReference; explicitFileType = "compiled.mach-o.executable"; includeInIndex = 0; path = Assignment05; sourceTree = BUILT_PRODUCTS_DIR; };
		DCEA1D301F4FDF6200D4CBD3 /* main.m */ = {isa = PBXFileReference; lastKnownFileType = sourcecode.c.objc; path = main.m; sourceTree = "<group>"; };
		DCEA1D371F4FDFBA00D4CBD3 /* ScoreKeeper.h */ = {isa = PBXFileReference; fileEncoding = 4; lastKnownFileType = sourcecode.c.h; path = ScoreKeeper.h; sourceTree = "<group>"; };
		DCEA1D381F4FDFBA00D4CBD3 /* ScoreKeeper.m */ = {isa = PBXFileReference; fileEncoding = 4; lastKnownFileType = sourcecode.c.objc; path = ScoreKeeper.m; sourceTree = "<group>"; };
		DCEA1D3A1F4FDFF500D4CBD3 /* InputHandler.h */ = {isa = PBXFileReference; fileEncoding = 4; lastKnownFileType = sourcecode.c.h; path = InputHandler.h; sourceTree = "<group>"; };
		DCEA1D3B1F4FDFF500D4CBD3 /* InputHandler.m */ = {isa = PBXFileReference; fileEncoding = 4; lastKnownFileType = sourcecode.c.objc; path = InputHandler.m; sourceTree = "<group>"; };
		DCEA1D3D1F4FE02B00D4CBD3 /* Question.h */ = {isa = PBXFileReference; fileEncoding = 4; lastKnownFileType = sourcecode.c.h; path = Question.h; sourceTree = "<group>"; };
		DCEA1D3E1F4FE02B00D4CBD3 /* Question.m */ = {isa = PBXFileReference; fileEncoding = 4; lastKnownFileType = sourcecode.c.objc; path = Question.m; sourceTree = "<group>"; };
		DCEA1D401F4FE07D00D4CBD3 /* QuestionManager.h */ = {isa = PBXFileReference; fileEncoding = 4; lastKnownFileType = sourcecode.c.h; path = QuestionManager.h; sourceTree = "<group>"; };
		DCEA1D411F4FE07D00D4CBD3 /* QuestionManager.m */ = {isa = PBXFileReference; fileEncoding = 4; lastKnownFileType = sourcecode.c.objc; path = QuestionManager.m; sourceTree = "<group>"; };
		DCEA1D431F4FED3100D4CBD3 /* SubtractionQuestion.h */ = {isa = PBXFileReference; fileEncoding = 4; lastKnownFileType = sourcecode.c.h; path = SubtractionQuestion.h; sourceTree = "<group>"; };
		DCEA1D441F4FED3100D4CBD3 /* SubtractionQuestion.m */ = {isa = PBXFileReference; fileEncoding = 4; lastKnownFileType = sourcecode.c.objc; path = SubtractionQuestion.m; sourceTree = "<group>"; };
		DCEA1D461F4FF2F000D4CBD3 /* QuestionFactory.h */ = {isa = PBXFileReference; fileEncoding = 4; lastKnownFileType = sourcecode.c.h; path = QuestionFactory.h; sourceTree = "<group>"; };
		DCEA1D471F4FF2F000D4CBD3 /* QuestionFactory.m */ = {isa = PBXFileReference; fileEncoding = 4; lastKnownFileType = sourcecode.c.objc; path = QuestionFactory.m; sourceTree = "<group>"; };
/* End PBXFileReference section */

/* Begin PBXFrameworksBuildPhase section */
		DCEA1D2A1F4FDF6200D4CBD3 /* Frameworks */ = {
			isa = PBXFrameworksBuildPhase;
			buildActionMask = 2147483647;
			files = (
			);
			runOnlyForDeploymentPostprocessing = 0;
		};
/* End PBXFrameworksBuildPhase section */

/* Begin PBXGroup section */
		DCEA1D241F4FDF6200D4CBD3 = {
			isa = PBXGroup;
			children = (
				DCEA1D2F1F4FDF6200D4CBD3 /* Assignment05 */,
				DCEA1D2E1F4FDF6200D4CBD3 /* Products */,
			);
			sourceTree = "<group>";
		};
		DCEA1D2E1F4FDF6200D4CBD3 /* Products */ = {
			isa = PBXGroup;
			children = (
				DCEA1D2D1F4FDF6200D4CBD3 /* Assignment05 */,
			);
			name = Products;
			sourceTree = "<group>";
		};
		DCEA1D2F1F4FDF6200D4CBD3 /* Assignment05 */ = {
			isa = PBXGroup;
			children = (
				DCEA1D301F4FDF6200D4CBD3 /* main.m */,
				DCEA1D371F4FDFBA00D4CBD3 /* ScoreKeeper.h */,
				DCEA1D381F4FDFBA00D4CBD3 /* ScoreKeeper.m */,
				DCEA1D3A1F4FDFF500D4CBD3 /* InputHandler.h */,
				DCEA1D3B1F4FDFF500D4CBD3 /* InputHandler.m */,
				DCEA1D3D1F4FE02B00D4CBD3 /* Question.h */,
				DCEA1D3E1F4FE02B00D4CBD3 /* Question.m */,
				DCEA1D401F4FE07D00D4CBD3 /* QuestionManager.h */,
				DCEA1D411F4FE07D00D4CBD3 /* QuestionManager.m */,
				DCEA1D431F4FED3100D4CBD3 /* SubtractionQuestion.h */,
				DCEA1D441F4FED3100D4CBD3 /* SubtractionQuestion.m */,
				DCEA1D461F4FF2F000D4CBD3 /* QuestionFactory.h */,
				DCEA1D471F4FF2F000D4CBD3 /* QuestionFactory.m */,
			);
			path = Assignment05;
			sourceTree = "<group>";
		};
/* End PBXGroup section */

/* Begin PBXNativeTarget section */
		DCEA1D2C1F4FDF6200D4CBD3 /* Assignment05 */ = {
			isa = PBXNativeTarget;
			buildConfigurationList = DCEA1D341F4FDF6200D4CBD3 /* Build configuration list for PBXNativeTarget "Assignment05" */;
			buildPhases = (
				DCEA1D291F4FDF6200D4CBD3 /* Sources */,
				DCEA1D2A1F4FDF6200D4CBD3 /* Frameworks */,
				DCEA1D2B1F4FDF6200D4CBD3 /* CopyFiles */,
			);
			buildRules = (
			);
			dependencies = (
			);
			name = Assignment05;
			productName = Assignment05;
			productReference = DCEA1D2D1F4FDF6200D4CBD3 /* Assignment05 */;
			productType = "com.apple.product-type.tool";
		};
/* End PBXNativeTarget section */

/* Begin PBXProject section */
		DCEA1D251F4FDF6200D4CBD3 /* Project object */ = {
			isa = PBXProject;
			attributes = {
				LastUpgradeCheck = 0830;
				ORGANIZATIONNAME = "kaori hirata";
				TargetAttributes = {
					DCEA1D2C1F4FDF6200D4CBD3 = {
						CreatedOnToolsVersion = 8.3.3;
						DevelopmentTeam = 5GEUY7T2XK;
						ProvisioningStyle = Automatic;
					};
				};
			};
			buildConfigurationList = DCEA1D281F4FDF6200D4CBD3 /* Build configuration list for PBXProject "Assignment05" */;
			compatibilityVersion = "Xcode 3.2";
			developmentRegion = English;
			hasScannedForEncodings = 0;
			knownRegions = (
				en,
			);
			mainGroup = DCEA1D241F4FDF6200D4CBD3;
			productRefGroup = DCEA1D2E1F4FDF6200D4CBD3 /* Products */;
			projectDirPath = "";
			projectRoot = "";
			targets = (
				DCEA1D2C1F4FDF6200D4CBD3 /* Assignment05 */,
			);
		};
/* End PBXProject section */

/* Begin PBXSourcesBuildPhase section */
		DCEA1D291F4FDF6200D4CBD3 /* Sources */ = {
			isa = PBXSourcesBuildPhase;
			buildActionMask = 2147483647;
			files = (
				DCEA1D421F4FE07D00D4CBD3 /* QuestionManager.m in Sources */,
				DCEA1D391F4FDFBA00D4CBD3 /* ScoreKeeper.m in Sources */,
				DCEA1D3F1F4FE02B00D4CBD3 /* Question.m in Sources */,
				DCEA1D3C1F4FDFF500D4CBD3 /* InputHandler.m in Sources */,
				DCEA1D451F4FED3100D4CBD3 /* SubtractionQuestion.m in Sources */,
				DCEA1D481F4FF2F000D4CBD3 /* QuestionFactory.m in Sources */,
				DCEA1D311F4FDF6200D4CBD3 /* main.m in Sources */,
			);
			runOnlyForDeploymentPostprocessing = 0;
		};
/* End PBXSourcesBuildPhase section */

/* Begin XCBuildConfiguration section */
		DCEA1D321F4FDF6200D4CBD3 /* Debug */ = {
			isa = XCBuildConfiguration;
			buildSettings = {
				ALWAYS_SEARCH_USER_PATHS = NO;
				CLANG_ANALYZER_NONNULL = YES;
				CLANG_ANALYZER_NUMBER_OBJECT_CONVERSION = YES_AGGRESSIVE;
				CLANG_CXX_LANGUAGE_STANDARD = "gnu++0x";
				CLANG_CXX_LIBRARY = "libc++";
				CLANG_ENABLE_MODULES = YES;
				CLANG_ENABLE_OBJC_ARC = YES;
				CLANG_WARN_BOOL_CONVERSION = YES;
				CLANG_WARN_CONSTANT_CONVERSION = YES;
				CLANG_WARN_DIRECT_OBJC_ISA_USAGE = YES_ERROR;
				CLANG_WARN_DOCUMENTATION_COMMENTS = YES;
				CLANG_WARN_EMPTY_BODY = YES;
				CLANG_WARN_ENUM_CONVERSION = YES;
				CLANG_WARN_INFINITE_RECURSION = YES;
				CLANG_WARN_INT_CONVERSION = YES;
				CLANG_WARN_OBJC_ROOT_CLASS = YES_ERROR;
				CLANG_WARN_SUSPICIOUS_MOVE = YES;
				CLANG_WARN_UNREACHABLE_CODE = YES;
				CLANG_WARN__DUPLICATE_METHOD_MATCH = YES;
				CODE_SIGN_IDENTITY = "-";
				COPY_PHASE_STRIP = NO;
				DEBUG_INFORMATION_FORMAT = dwarf;
				ENABLE_STRICT_OBJC_MSGSEND = YES;
				ENABLE_TESTABILITY = YES;
				GCC_C_LANGUAGE_STANDARD = gnu99;
				GCC_DYNAMIC_NO_PIC = NO;
				GCC_NO_COMMON_BLOCKS = YES;
				GCC_OPTIMIZATION_LEVEL = 0;
				GCC_PREPROCESSOR_DEFINITIONS = (
					"DEBUG=1",
					"$(inherited)",
				);
				GCC_WARN_64_TO_32_BIT_CONVERSION = YES;
				GCC_WARN_ABOUT_RETURN_TYPE = YES_ERROR;
				GCC_WARN_UNDECLARED_SELECTOR = YES;
				GCC_WARN_UNINITIALIZED_AUTOS = YES_AGGRESSIVE;
				GCC_WARN_UNUSED_FUNCTION = YES;
				GCC_WARN_UNUSED_VARIABLE = YES;
				MACOSX_DEPLOYMENT_TARGET = 10.12;
				MTL_ENABLE_DEBUG_INFO = YES;
				ONLY_ACTIVE_ARCH = YES;
				SDKROOT = macosx;
			};
			name = Debug;
		};
		DCEA1D331F4FDF6200D4CBD3 /* Release */ = {
			isa = XCBuildConfiguration;
			buildSettings = {
				ALWAYS_SEARCH_USER_PATHS = NO;
				CLANG_ANALYZER_NONNULL = YES;
				CLANG_ANALYZER_NUMBER_OBJECT_CONVERSION = YES_AGGRESSIVE;
				CLANG_CXX_LANGUAGE_STANDARD = "gnu++0x";
				CLANG_CXX_LIBRARY = "libc++";
				CLANG_ENABLE_MODULES = YES;
				CLANG_ENABLE_OBJC_ARC = YES;
				CLANG_WARN_BOOL_CONVERSION = YES;
				CLANG_WARN_CONSTANT_CONVERSION = YES;
				CLANG_WARN_DIRECT_OBJC_ISA_USAGE = YES_ERROR;
				CLANG_WARN_DOCUMENTATION_COMMENTS = YES;
				CLANG_WARN_EMPTY_BODY = YES;
				CLANG_WARN_ENUM_CONVERSION = YES;
				CLANG_WARN_INFINITE_RECURSION = YES;
				CLANG_WARN_INT_CONVERSION = YES;
				CLANG_WARN_OBJC_ROOT_CLASS = YES_ERROR;
				CLANG_WARN_SUSPICIOUS_MOVE = YES;
				CLANG_WARN_UNREACHABLE_CODE = YES;
				CLANG_WARN__DUPLICATE_METHOD_MATCH = YES;
				CODE_SIGN_IDENTITY = "-";
				COPY_PHASE_STRIP = NO;
				DEBUG_INFORMATION_FORMAT = "dwarf-with-dsym";
				ENABLE_NS_ASSERTIONS = NO;
				ENABLE_STRICT_OBJC_MSGSEND = YES;
				GCC_C_LANGUAGE_STANDARD = gnu99;
				GCC_NO_COMMON_BLOCKS = YES;
				GCC_WARN_64_TO_32_BIT_CONVERSION = YES;
				GCC_WARN_ABOUT_RETURN_TYPE = YES_ERROR;
				GCC_WARN_UNDECLARED_SELECTOR = YES;
				GCC_WARN_UNINITIALIZED_AUTOS = YES_AGGRESSIVE;
				GCC_WARN_UNUSED_FUNCTION = YES;
				GCC_WARN_UNUSED_VARIABLE = YES;
				MACOSX_DEPLOYMENT_TARGET = 10.12;
				MTL_ENABLE_DEBUG_INFO = NO;
				SDKROOT = macosx;
			};
			name = Release;
		};
		DCEA1D351F4FDF6200D4CBD3 /* Debug */ = {
			isa = XCBuildConfiguration;
			buildSettings = {
				DEVELOPMENT_TEAM = 5GEUY7T2XK;
				PRODUCT_NAME = "$(TARGET_NAME)";
			};
			name = Debug;
		};
		DCEA1D361F4FDF6200D4CBD3 /* Release */ = {
			isa = XCBuildConfiguration;
			buildSettings = {
				DEVELOPMENT_TEAM = 5GEUY7T2XK;
				PRODUCT_NAME = "$(TARGET_NAME)";
			};
			name = Release;
		};
/* End XCBuildConfiguration section */

/* Begin XCConfigurationList section */
		DCEA1D281F4FDF6200D4CBD3 /* Build configuration list for PBXProject "Assignment05" */ = {
			isa = XCConfigurationList;
			buildConfigurations = (
				DCEA1D321F4FDF6200D4CBD3 /* Debug */,
				DCEA1D331F4FDF6200D4CBD3 /* Release */,
			);
			defaultConfigurationIsVisible = 0;
			defaultConfigurationName = Release;
		};
		DCEA1D341F4FDF6200D4CBD3 /* Build configuration list for PBXNativeTarget "Assignment05" */ = {
			isa = XCConfigurationList;
			buildConfigurations = (
				DCEA1D351F4FDF6200D4CBD3 /* Debug */,
				DCEA1D361F4FDF6200D4CBD3 /* Release */,
			);
			defaultConfigurationIsVisible = 0;
		};
/* End XCConfigurationList section */
	};
	rootObject = DCEA1D251F4FDF6200D4CBD3 /* Project object */;
}
